
Microsoft Visual Studio Solution File, Format Version 12.00
# Visual Studio Version 17
VisualStudioVersion = 17.7.34018.315
MinimumVisualStudioVersion = 10.0.40219.1
Project("{FAE04EC0-301F-11D3-BF4B-00C04F79EFBC}") = "PasswordChecker.Model", "PasswordChecker.Model\PasswordChecker.Model.csproj", "{A5C4650D-026A-4557-B336-0116B06DCDF8}"
EndProject
Project("{FAE04EC0-301F-11D3-BF4B-00C04F79EFBC}") = "PasswordChecker.Model.Tests", "PasswordChecker.Model.Tests\PasswordChecker.Model.Tests.csproj", "{903478E0-FB3A-4C8C-BF58-9BE185045C00}"
EndProject
Project("{FAE04EC0-301F-11D3-BF4B-00C04F79EFBC}") = "PasswordChecker.Model.Interfaces", "PasswordChecker.Model.Interfaces\PasswordChecker.Model.Interfaces.csproj", "{A4BAE76B-610D-4B74-91F2-E2D764296B09}"
EndProject
Global
	GlobalSection(SolutionConfigurationPlatforms) = preSolution
		Debug|Any CPU = Debug|Any CPU
		Release|Any CPU = Release|Any CPU
	EndGlobalSection
	GlobalSection(ProjectConfigurationPlatforms) = postSolution
		{A5C4650D-026A-4557-B336-0116B06DCDF8}.Debug|Any CPU.ActiveCfg = Debug|Any CPU
		{A5C4650D-026A-4557-B336-0116B06DCDF8}.Debug|Any CPU.Build.0 = Debug|Any CPU
		{A5C4650D-026A-4557-B336-0116B06DCDF8}.Release|Any CPU.ActiveCfg = Release|Any CPU
		{A5C4650D-026A-4557-B336-0116B06DCDF8}.Release|Any CPU.Build.0 = Release|Any CPU
		{903478E0-FB3A-4C8C-BF58-9BE185045C00}.Debug|Any CPU.ActiveCfg = Debug|Any CPU
		{903478E0-FB3A-4C8C-BF58-9BE185045C00}.Debug|Any CPU.Build.0 = Debug|Any CPU
		{903478E0-FB3A-4C8C-BF58-9BE185045C00}.Release|Any CPU.ActiveCfg = Release|Any CPU
		{903478E0-FB3A-4C8C-BF58-9BE185045C00}.Release|Any CPU.Build.0 = Release|Any CPU
		{A4BAE76B-610D-4B74-91F2-E2D764296B09}.Debug|Any CPU.ActiveCfg = Debug|Any CPU
		{A4BAE76B-610D-4B74-91F2-E2D764296B09}.Debug|Any CPU.Build.0 = Debug|Any CPU
		{A4BAE76B-610D-4B74-91F2-E2D764296B09}.Release|Any CPU.ActiveCfg = Release|Any CPU
		{A4BAE76B-610D-4B74-91F2-E2D764296B09}.Release|Any CPU.Build.0 = Release|Any CPU
	EndGlobalSection
	GlobalSection(SolutionProperties) = preSolution
		HideSolutionNode = FALSE
	EndGlobalSection
	GlobalSection(ExtensibilityGlobals) = postSolution
		SolutionGuid = {67E08E8F-F108-413C-832C-A691A244A037}
	EndGlobalSection
EndGlobal
